// !$*UTF8*$!
{
	archiveVersion = 1;
	classes = {
	};
	objectVersion = 46;
	objects = {

/* Begin PBXBuildFile section */
		4E4A17061CDD578700EC975B /* ParsedTweetCell.swift in Sources */ = {isa = PBXBuildFile; fileRef = 4E4A17051CDD578700EC975B /* ParsedTweetCell.swift */; };
		4E530ED41CDC46380037D4B4 /* ParsedTweet.swift in Sources */ = {isa = PBXBuildFile; fileRef = 4E530ED31CDC46370037D4B4 /* ParsedTweet.swift */; };
		4EA640641CD5290200BF0467 /* AppDelegate.swift in Sources */ = {isa = PBXBuildFile; fileRef = 4EA640631CD5290200BF0467 /* AppDelegate.swift */; };
		4EA640661CD5290200BF0467 /* ViewController.swift in Sources */ = {isa = PBXBuildFile; fileRef = 4EA640651CD5290200BF0467 /* ViewController.swift */; };
		4EA640691CD5290200BF0467 /* Main.storyboard in Resources */ = {isa = PBXBuildFile; fileRef = 4EA640671CD5290200BF0467 /* Main.storyboard */; };
		4EA6406B1CD5290200BF0467 /* Assets.xcassets in Resources */ = {isa = PBXBuildFile; fileRef = 4EA6406A1CD5290200BF0467 /* Assets.xcassets */; };
		4EA6406E1CD5290200BF0467 /* LaunchScreen.storyboard in Resources */ = {isa = PBXBuildFile; fileRef = 4EA6406C1CD5290200BF0467 /* LaunchScreen.storyboard */; };
		4EA640791CD5290200BF0467 /* PragmaticTweetsTests.swift in Sources */ = {isa = PBXBuildFile; fileRef = 4EA640781CD5290200BF0467 /* PragmaticTweetsTests.swift */; };
		4EA640841CD5290200BF0467 /* PragmaticTweetsUITests.swift in Sources */ = {isa = PBXBuildFile; fileRef = 4EA640831CD5290200BF0467 /* PragmaticTweetsUITests.swift */; };
/* End PBXBuildFile section */

/* Begin PBXContainerItemProxy section */
		4EA640751CD5290200BF0467 /* PBXContainerItemProxy */ = {
			isa = PBXContainerItemProxy;
			containerPortal = 4EA640581CD5290200BF0467 /* Project object */;
			proxyType = 1;
			remoteGlobalIDString = 4EA6405F1CD5290200BF0467;
			remoteInfo = PragmaticTweets;
		};
		4EA640801CD5290200BF0467 /* PBXContainerItemProxy */ = {
			isa = PBXContainerItemProxy;
			containerPortal = 4EA640581CD5290200BF0467 /* Project object */;
			proxyType = 1;
			remoteGlobalIDString = 4EA6405F1CD5290200BF0467;
			remoteInfo = PragmaticTweets;
		};
/* End PBXContainerItemProxy section */

/* Begin PBXFileReference section */
		4E4A17051CDD578700EC975B /* ParsedTweetCell.swift */ = {isa = PBXFileReference; fileEncoding = 4; lastKnownFileType = sourcecode.swift; path = ParsedTweetCell.swift; sourceTree = "<group>"; };
		4E530ED31CDC46370037D4B4 /* ParsedTweet.swift */ = {isa = PBXFileReference; fileEncoding = 4; lastKnownFileType = sourcecode.swift; name = ParsedTweet.swift; path = ../ParsedTweet.swift; sourceTree = "<group>"; };
		4EA640601CD5290200BF0467 /* PragmaticTweets.app */ = {isa = PBXFileReference; explicitFileType = wrapper.application; includeInIndex = 0; path = PragmaticTweets.app; sourceTree = BUILT_PRODUCTS_DIR; };
		4EA640631CD5290200BF0467 /* AppDelegate.swift */ = {isa = PBXFileReference; lastKnownFileType = sourcecode.swift; path = AppDelegate.swift; sourceTree = "<group>"; };
		4EA640651CD5290200BF0467 /* ViewController.swift */ = {isa = PBXFileReference; lastKnownFileType = sourcecode.swift; path = ViewController.swift; sourceTree = "<group>"; };
		4EA640681CD5290200BF0467 /* Base */ = {isa = PBXFileReference; lastKnownFileType = file.storyboard; name = Base; path = Base.lproj/Main.storyboard; sourceTree = "<group>"; };
		4EA6406A1CD5290200BF0467 /* Assets.xcassets */ = {isa = PBXFileReference; lastKnownFileType = folder.assetcatalog; path = Assets.xcassets; sourceTree = "<group>"; };
		4EA6406D1CD5290200BF0467 /* Base */ = {isa = PBXFileReference; lastKnownFileType = file.storyboard; name = Base; path = Base.lproj/LaunchScreen.storyboard; sourceTree = "<group>"; };
		4EA6406F1CD5290200BF0467 /* Info.plist */ = {isa = PBXFileReference; lastKnownFileType = text.plist.xml; path = Info.plist; sourceTree = "<group>"; };
		4EA640741CD5290200BF0467 /* PragmaticTweetsTests.xctest */ = {isa = PBXFileReference; explicitFileType = wrapper.cfbundle; includeInIndex = 0; path = PragmaticTweetsTests.xctest; sourceTree = BUILT_PRODUCTS_DIR; };
		4EA640781CD5290200BF0467 /* PragmaticTweetsTests.swift */ = {isa = PBXFileReference; lastKnownFileType = sourcecode.swift; path = PragmaticTweetsTests.swift; sourceTree = "<group>"; };
		4EA6407A1CD5290200BF0467 /* Info.plist */ = {isa = PBXFileReference; lastKnownFileType = text.plist.xml; path = Info.plist; sourceTree = "<group>"; };
		4EA6407F1CD5290200BF0467 /* PragmaticTweetsUITests.xctest */ = {isa = PBXFileReference; explicitFileType = wrapper.cfbundle; includeInIndex = 0; path = PragmaticTweetsUITests.xctest; sourceTree = BUILT_PRODUCTS_DIR; };
		4EA640831CD5290200BF0467 /* PragmaticTweetsUITests.swift */ = {isa = PBXFileReference; lastKnownFileType = sourcecode.swift; path = PragmaticTweetsUITests.swift; sourceTree = "<group>"; };
		4EA640851CD5290200BF0467 /* Info.plist */ = {isa = PBXFileReference; lastKnownFileType = text.plist.xml; path = Info.plist; sourceTree = "<group>"; };
/* End PBXFileReference section */

/* Begin PBXFrameworksBuildPhase section */
		4EA6405D1CD5290200BF0467 /* Frameworks */ = {
			isa = PBXFrameworksBuildPhase;
			buildActionMask = 2147483647;
			files = (
			);
			runOnlyForDeploymentPostprocessing = 0;
		};
		4EA640711CD5290200BF0467 /* Frameworks */ = {
			isa = PBXFrameworksBuildPhase;
			buildActionMask = 2147483647;
			files = (
			);
			runOnlyForDeploymentPostprocessing = 0;
		};
		4EA6407C1CD5290200BF0467 /* Frameworks */ = {
			isa = PBXFrameworksBuildPhase;
			buildActionMask = 2147483647;
			files = (
			);
			runOnlyForDeploymentPostprocessing = 0;
		};
/* End PBXFrameworksBuildPhase section */

/* Begin PBXGroup section */
		4EA640571CD5290200BF0467 = {
			isa = PBXGroup;
			children = (
				4EA640621CD5290200BF0467 /* PragmaticTweets */,
				4EA640771CD5290200BF0467 /* PragmaticTweetsTests */,
				4EA640821CD5290200BF0467 /* PragmaticTweetsUITests */,
				4EA640611CD5290200BF0467 /* Products */,
			);
			sourceTree = "<group>";
		};
		4EA640611CD5290200BF0467 /* Products */ = {
			isa = PBXGroup;
			children = (
				4EA640601CD5290200BF0467 /* PragmaticTweets.app */,
				4EA640741CD5290200BF0467 /* PragmaticTweetsTests.xctest */,
				4EA6407F1CD5290200BF0467 /* PragmaticTweetsUITests.xctest */,
			);
			name = Products;
			sourceTree = "<group>";
		};
		4EA640621CD5290200BF0467 /* PragmaticTweets */ = {
			isa = PBXGroup;
			children = (
				4E530ED31CDC46370037D4B4 /* ParsedTweet.swift */,
				4EA640631CD5290200BF0467 /* AppDelegate.swift */,
				4EA640651CD5290200BF0467 /* ViewController.swift */,
				4EA640671CD5290200BF0467 /* Main.storyboard */,
				4E4A17051CDD578700EC975B /* ParsedTweetCell.swift */,
				4EA6406A1CD5290200BF0467 /* Assets.xcassets */,
				4EA6406C1CD5290200BF0467 /* LaunchScreen.storyboard */,
				4EA6406F1CD5290200BF0467 /* Info.plist */,
			);
			path = PragmaticTweets;
			sourceTree = "<group>";
		};
		4EA640771CD5290200BF0467 /* PragmaticTweetsTests */ = {
			isa = PBXGroup;
			children = (
				4EA640781CD5290200BF0467 /* PragmaticTweetsTests.swift */,
				4EA6407A1CD5290200BF0467 /* Info.plist */,
			);
			path = PragmaticTweetsTests;
			sourceTree = "<group>";
		};
		4EA640821CD5290200BF0467 /* PragmaticTweetsUITests */ = {
			isa = PBXGroup;
			children = (
				4EA640831CD5290200BF0467 /* PragmaticTweetsUITests.swift */,
				4EA640851CD5290200BF0467 /* Info.plist */,
			);
			path = PragmaticTweetsUITests;
			sourceTree = "<group>";
		};
/* End PBXGroup section */

/* Begin PBXNativeTarget section */
		4EA6405F1CD5290200BF0467 /* PragmaticTweets */ = {
			isa = PBXNativeTarget;
			buildConfigurationList = 4EA640881CD5290200BF0467 /* Build configuration list for PBXNativeTarget "PragmaticTweets" */;
			buildPhases = (
				4EA6405C1CD5290200BF0467 /* Sources */,
				4EA6405D1CD5290200BF0467 /* Frameworks */,
				4EA6405E1CD5290200BF0467 /* Resources */,
			);
			buildRules = (
			);
			dependencies = (
			);
			name = PragmaticTweets;
			productName = PragmaticTweets;
			productReference = 4EA640601CD5290200BF0467 /* PragmaticTweets.app */;
			productType = "com.apple.product-type.application";
		};
		4EA640731CD5290200BF0467 /* PragmaticTweetsTests */ = {
			isa = PBXNativeTarget;
			buildConfigurationList = 4EA6408B1CD5290200BF0467 /* Build configuration list for PBXNativeTarget "PragmaticTweetsTests" */;
			buildPhases = (
				4EA640701CD5290200BF0467 /* Sources */,
				4EA640711CD5290200BF0467 /* Frameworks */,
				4EA640721CD5290200BF0467 /* Resources */,
			);
			buildRules = (
			);
			dependencies = (
				4EA640761CD5290200BF0467 /* PBXTargetDependency */,
			);
			name = PragmaticTweetsTests;
			productName = PragmaticTweetsTests;
			productReference = 4EA640741CD5290200BF0467 /* PragmaticTweetsTests.xctest */;
			productType = "com.apple.product-type.bundle.unit-test";
		};
		4EA6407E1CD5290200BF0467 /* PragmaticTweetsUITests */ = {
			isa = PBXNativeTarget;
			buildConfigurationList = 4EA6408E1CD5290200BF0467 /* Build configuration list for PBXNativeTarget "PragmaticTweetsUITests" */;
			buildPhases = (
				4EA6407B1CD5290200BF0467 /* Sources */,
				4EA6407C1CD5290200BF0467 /* Frameworks */,
				4EA6407D1CD5290200BF0467 /* Resources */,
			);
			buildRules = (
			);
			dependencies = (
				4EA640811CD5290200BF0467 /* PBXTargetDependency */,
			);
			name = PragmaticTweetsUITests;
			productName = PragmaticTweetsUITests;
			productReference = 4EA6407F1CD5290200BF0467 /* PragmaticTweetsUITests.xctest */;
			productType = "com.apple.product-type.bundle.ui-testing";
		};
/* End PBXNativeTarget section */

/* Begin PBXProject section */
		4EA640581CD5290200BF0467 /* Project object */ = {
			isa = PBXProject;
			attributes = {
				LastSwiftUpdateCheck = 0730;
				LastUpgradeCheck = 0730;
				ORGANIZATIONNAME = Fhools;
				TargetAttributes = {
					4EA6405F1CD5290200BF0467 = {
						CreatedOnToolsVersion = 7.3;
						DevelopmentTeam = DKH4TQNCXZ;
					};
					4EA640731CD5290200BF0467 = {
						CreatedOnToolsVersion = 7.3;
						TestTargetID = 4EA6405F1CD5290200BF0467;
					};
					4EA6407E1CD5290200BF0467 = {
						CreatedOnToolsVersion = 7.3;
						TestTargetID = 4EA6405F1CD5290200BF0467;
					};
				};
			};
			buildConfigurationList = 4EA6405B1CD5290200BF0467 /* Build configuration list for PBXProject "PragmaticTweets" */;
			compatibilityVersion = "Xcode 3.2";
			developmentRegion = English;
			hasScannedForEncodings = 0;
			knownRegions = (
				en,
				Base,
			);
			mainGroup = 4EA640571CD5290200BF0467;
			productRefGroup = 4EA640611CD5290200BF0467 /* Products */;
			projectDirPath = "";
			projectRoot = "";
			targets = (
				4EA6405F1CD5290200BF0467 /* PragmaticTweets */,
				4EA640731CD5290200BF0467 /* PragmaticTweetsTests */,
				4EA6407E1CD5290200BF0467 /* PragmaticTweetsUITests */,
			);
		};
/* End PBXProject section */

/* Begin PBXResourcesBuildPhase section */
		4EA6405E1CD5290200BF0467 /* Resources */ = {
			isa = PBXResourcesBuildPhase;
			buildActionMask = 2147483647;
			files = (
				4EA6406E1CD5290200BF0467 /* LaunchScreen.storyboard in Resources */,
				4EA6406B1CD5290200BF0467 /* Assets.xcassets in Resources */,
				4EA640691CD5290200BF0467 /* Main.storyboard in Resources */,
			);
			runOnlyForDeploymentPostprocessing = 0;
		};
		4EA640721CD5290200BF0467 /* Resources */ = {
			isa = PBXResourcesBuildPhase;
			buildActionMask = 2147483647;
			files = (
			);
			runOnlyForDeploymentPostprocessing = 0;
		};
		4EA6407D1CD5290200BF0467 /* Resources */ = {
			isa = PBXResourcesBuildPhase;
			buildActionMask = 2147483647;
			files = (
			);
			runOnlyForDeploymentPostprocessing = 0;
		};
/* End PBXResourcesBuildPhase section */

/* Begin PBXSourcesBuildPhase section */
		4EA6405C1CD5290200BF0467 /* Sources */ = {
			isa = PBXSourcesBuildPhase;
			buildActionMask = 2147483647;
			files = (
				4E4A17061CDD578700EC975B /* ParsedTweetCell.swift in Sources */,
				4EA640661CD5290200BF0467 /* ViewController.swift in Sources */,
				4E530ED41CDC46380037D4B4 /* ParsedTweet.swift in Sources */,
				4EA640641CD5290200BF0467 /* AppDelegate.swift in Sources */,
			);
			runOnlyForDeploymentPostprocessing = 0;
		};
		4EA640701CD5290200BF0467 /* Sources */ = {
			isa = PBXSourcesBuildPhase;
			buildActionMask = 2147483647;
			files = (
				4EA640791CD5290200BF0467 /* PragmaticTweetsTests.swift in Sources */,
			);
			runOnlyForDeploymentPostprocessing = 0;
		};
		4EA6407B1CD5290200BF0467 /* Sources */ = {
			isa = PBXSourcesBuildPhase;
			buildActionMask = 2147483647;
			files = (
				4EA640841CD5290200BF0467 /* PragmaticTweetsUITests.swift in Sources */,
			);
			runOnlyForDeploymentPostprocessing = 0;
		};
/* End PBXSourcesBuildPhase section */

/* Begin PBXTargetDependency section */
		4EA640761CD5290200BF0467 /* PBXTargetDependency */ = {
			isa = PBXTargetDependency;
			target = 4EA6405F1CD5290200BF0467 /* PragmaticTweets */;
			targetProxy = 4EA640751CD5290200BF0467 /* PBXContainerItemProxy */;
		};
		4EA640811CD5290200BF0467 /* PBXTargetDependency */ = {
			isa = PBXTargetDependency;
			target = 4EA6405F1CD5290200BF0467 /* PragmaticTweets */;
			targetProxy = 4EA640801CD5290200BF0467 /* PBXContainerItemProxy */;
		};
/* End PBXTargetDependency section */

/* Begin PBXVariantGroup section */
		4EA640671CD5290200BF0467 /* Main.storyboard */ = {
			isa = PBXVariantGroup;
			children = (
				4EA640681CD5290200BF0467 /* Base */,
			);
			name = Main.storyboard;
			sourceTree = "<group>";
		};
		4EA6406C1CD5290200BF0467 /* LaunchScreen.storyboard */ = {
			isa = PBXVariantGroup;
			children = (
				4EA6406D1CD5290200BF0467 /* Base */,
			);
			name = LaunchScreen.storyboard;
			sourceTree = "<group>";
		};
/* End PBXVariantGroup section */

/* Begin XCBuildConfiguration section */
		4EA640861CD5290200BF0467 /* Debug */ = {
			isa = XCBuildConfiguration;
			buildSettings = {
				ALWAYS_SEARCH_USER_PATHS = NO;
				CLANG_ANALYZER_NONNULL = YES;
				CLANG_CXX_LANGUAGE_STANDARD = "gnu++0x";
				CLANG_CXX_LIBRARY = "libc++";
				CLANG_ENABLE_MODULES = YES;
				CLANG_ENABLE_OBJC_ARC = YES;
				CLANG_WARN_BOOL_CONVERSION = YES;
				CLANG_WARN_CONSTANT_CONVERSION = YES;
				CLANG_WARN_DIRECT_OBJC_ISA_USAGE = YES_ERROR;
				CLANG_WARN_EMPTY_BODY = YES;
				CLANG_WARN_ENUM_CONVERSION = YES;
				CLANG_WARN_INT_CONVERSION = YES;
				CLANG_WARN_OBJC_ROOT_CLASS = YES_ERROR;
				CLANG_WARN_UNREACHABLE_CODE = YES;
				CLANG_WARN__DUPLICATE_METHOD_MATCH = YES;
				"CODE_SIGN_IDENTITY[sdk=iphoneos*]" = "iPhone Developer";
				COPY_PHASE_STRIP = NO;
				DEBUG_INFORMATION_FORMAT = dwarf;
				ENABLE_STRICT_OBJC_MSGSEND = YES;
				ENABLE_TESTABILITY = YES;
				GCC_C_LANGUAGE_STANDARD = gnu99;
				GCC_DYNAMIC_NO_PIC = NO;
				GCC_NO_COMMON_BLOCKS = YES;
				GCC_OPTIMIZATION_LEVEL = 0;
				GCC_PREPROCESSOR_DEFINITIONS = (
					"DEBUG=1",
					"$(inherited)",
				);
				GCC_WARN_64_TO_32_BIT_CONVERSION = YES;
				GCC_WARN_ABOUT_RETURN_TYPE = YES_ERROR;
				GCC_WARN_UNDECLARED_SELECTOR = YES;
				GCC_WARN_UNINITIALIZED_AUTOS = YES_AGGRESSIVE;
				GCC_WARN_UNUSED_FUNCTION = YES;
				GCC_WARN_UNUSED_VARIABLE = YES;
				IPHONEOS_DEPLOYMENT_TARGET = 9.3;
				MTL_ENABLE_DEBUG_INFO = YES;
				ONLY_ACTIVE_ARCH = YES;
				SDKROOT = iphoneos;
				SWIFT_OPTIMIZATION_LEVEL = "-Onone";
				TARGETED_DEVICE_FAMILY = "1,2";
			};
			name = Debug;
		};
		4EA640871CD5290200BF0467 /* Release */ = {
			isa = XCBuildConfiguration;
			buildSettings = {
				ALWAYS_SEARCH_USER_PATHS = NO;
				CLANG_ANALYZER_NONNULL = YES;
				CLANG_CXX_LANGUAGE_STANDARD = "gnu++0x";
				CLANG_CXX_LIBRARY = "libc++";
				CLANG_ENABLE_MODULES = YES;
				CLANG_ENABLE_OBJC_ARC = YES;
				CLANG_WARN_BOOL_CONVERSION = YES;
				CLANG_WARN_CONSTANT_CONVERSION = YES;
				CLANG_WARN_DIRECT_OBJC_ISA_USAGE = YES_ERROR;
				CLANG_WARN_EMPTY_BODY = YES;
				CLANG_WARN_ENUM_CONVERSION = YES;
				CLANG_WARN_INT_CONVERSION = YES;
				CLANG_WARN_OBJC_ROOT_CLASS = YES_ERROR;
				CLANG_WARN_UNREACHABLE_CODE = YES;
				CLANG_WARN__DUPLICATE_METHOD_MATCH = YES;
				"CODE_SIGN_IDENTITY[sdk=iphoneos*]" = "iPhone Developer";
				COPY_PHASE_STRIP = NO;
				DEBUG_INFORMATION_FORMAT = "dwarf-with-dsym";
				ENABLE_NS_ASSERTIONS = NO;
				ENABLE_STRICT_OBJC_MSGSEND = YES;
				GCC_C_LANGUAGE_STANDARD = gnu99;
				GCC_NO_COMMON_BLOCKS = YES;
				GCC_WARN_64_TO_32_BIT_CONVERSION = YES;
				GCC_WARN_ABOUT_RETURN_TYPE = YES_ERROR;
				GCC_WARN_UNDECLARED_SELECTOR = YES;
				GCC_WARN_UNINITIALIZED_AUTOS = YES_AGGRESSIVE;
				GCC_WARN_UNUSED_FUNCTION = YES;
				GCC_WARN_UNUSED_VARIABLE = YES;
				IPHONEOS_DEPLOYMENT_TARGET = 9.3;
				MTL_ENABLE_DEBUG_INFO = NO;
				SDKROOT = iphoneos;
				TARGETED_DEVICE_FAMILY = "1,2";
				VALIDATE_PRODUCT = YES;
			};
			name = Release;
		};
		4EA640891CD5290200BF0467 /* Debug */ = {
			isa = XCBuildConfiguration;
			buildSettings = {
				ASSETCATALOG_COMPILER_APPICON_NAME = AppIcon;
				CODE_SIGN_IDENTITY = "iPhone Developer";
				"CODE_SIGN_IDENTITY[sdk=iphoneos*]" = "iPhone Developer";
				INFOPLIST_FILE = PragmaticTweets/Info.plist;
				LD_RUNPATH_SEARCH_PATHS = "$(inherited) @executable_path/Frameworks";
				PRODUCT_BUNDLE_IDENTIFIER = com.fhools.PragmaticTweets;
				PRODUCT_NAME = "$(TARGET_NAME)";
				PROVISIONING_PROFILE = "";
			};
			name = Debug;
		};
		4EA6408A1CD5290200BF0467 /* Release */ = {
			isa = XCBuildConfiguration;
			buildSettings = {
				ASSETCATALOG_COMPILER_APPICON_NAME = AppIcon;
				CODE_SIGN_IDENTITY = "iPhone Developer";
				"CODE_SIGN_IDENTITY[sdk=iphoneos*]" = "iPhone Developer";
				INFOPLIST_FILE = PragmaticTweets/Info.plist;
				LD_RUNPATH_SEARCH_PATHS = "$(inherited) @executable_path/Frameworks";
				PRODUCT_BUNDLE_IDENTIFIER = com.fhools.PragmaticTweets;
				PRODUCT_NAME = "$(TARGET_NAME)";
				PROVISIONING_PROFILE = "";
			};
			name = Release;
		};
		4EA6408C1CD5290200BF0467 /* Debug */ = {
			isa = XCBuildConfiguration;
			buildSettings = {
				BUNDLE_LOADER = "$(TEST_HOST)";
				INFOPLIST_FILE = PragmaticTweetsTests/Info.plist;
				LD_RUNPATH_SEARCH_PATHS = "$(inherited) @executable_path/Frameworks @loader_path/Frameworks";
				PRODUCT_BUNDLE_IDENTIFIER = com.fhools.PragmaticTweetsTests;
				PRODUCT_NAME = "$(TARGET_NAME)";
				TEST_HOST = "$(BUILT_PRODUCTS_DIR)/PragmaticTweets.app/PragmaticTweets";
			};
			name = Debug;
		};
		4EA6408D1CD5290200BF0467 /* Release */ = {
			isa = XCBuildConfiguration;
			buildSettings = {
				BUNDLE_LOADER = "$(TEST_HOST)";
				INFOPLIST_FILE = PragmaticTweetsTests/Info.plist;
				LD_RUNPATH_SEARCH_PATHS = "$(inherited) @executable_path/Frameworks @loader_path/Frameworks";
				PRODUCT_BUNDLE_IDENTIFIER = com.fhools.PragmaticTweetsTests;
				PRODUCT_NAME = "$(TARGET_NAME)";
				TEST_HOST = "$(BUILT_PRODUCTS_DIR)/PragmaticTweets.app/PragmaticTweets";
			};
			name = Release;
		};
		4EA6408F1CD5290200BF0467 /* Debug */ = {
			isa = XCBuildConfiguration;
			buildSettings = {
				INFOPLIST_FILE = PragmaticTweetsUITests/Info.plist;
				LD_RUNPATH_SEARCH_PATHS = "$(inherited) @executable_path/Frameworks @loader_path/Frameworks";
				PRODUCT_BUNDLE_IDENTIFIER = com.fhools.PragmaticTweetsUITests;
				PRODUCT_NAME = "$(TARGET_NAME)";
				TEST_TARGET_NAME = PragmaticTweets;
			};
			name = Debug;
		};
		4EA640901CD5290200BF0467 /* Release */ = {
			isa = XCBuildConfiguration;
			buildSettings = {
				INFOPLIST_FILE = PragmaticTweetsUITests/Info.plist;
				LD_RUNPATH_SEARCH_PATHS = "$(inherited) @executable_path/Frameworks @loader_path/Frameworks";
				PRODUCT_BUNDLE_IDENTIFIER = com.fhools.PragmaticTweetsUITests;
				PRODUCT_NAME = "$(TARGET_NAME)";
				TEST_TARGET_NAME = PragmaticTweets;
			};
			name = Release;
		};
/* End XCBuildConfiguration section */

/* Begin XCConfigurationList section */
		4EA6405B1CD5290200BF0467 /* Build configuration list for PBXProject "PragmaticTweets" */ = {
			isa = XCConfigurationList;
			buildConfigurations = (
				4EA640861CD5290200BF0467 /* Debug */,
				4EA640871CD5290200BF0467 /* Release */,
			);
			defaultConfigurationIsVisible = 0;
			defaultConfigurationName = Release;
		};
		4EA640881CD5290200BF0467 /* Build configuration list for PBXNativeTarget "PragmaticTweets" */ = {
			isa = XCConfigurationList;
			buildConfigurations = (
				4EA640891CD5290200BF0467 /* Debug */,
				4EA6408A1CD5290200BF0467 /* Release */,
			);
			defaultConfigurationIsVisible = 0;
			defaultConfigurationName = Release;
		};
		4EA6408B1CD5290200BF0467 /* Build configuration list for PBXNativeTarget "PragmaticTweetsTests" */ = {
			isa = XCConfigurationList;
			buildConfigurations = (
				4EA6408C1CD5290200BF0467 /* Debug */,
				4EA6408D1CD5290200BF0467 /* Release */,
			);
			defaultConfigurationIsVisible = 0;
			defaultConfigurationName = Release;
		};
		4EA6408E1CD5290200BF0467 /* Build configuration list for PBXNativeTarget "PragmaticTweetsUITests" */ = {
			isa = XCConfigurationList;
			buildConfigurations = (
				4EA6408F1CD5290200BF0467 /* Debug */,
				4EA640901CD5290200BF0467 /* Release */,
			);
			defaultConfigurationIsVisible = 0;
			defaultConfigurationName = Release;
		};
/* End XCConfigurationList section */
	};
	rootObject = 4EA640581CD5290200BF0467 /* Project object */;
}
